
Microsoft Visual Studio Solution File, Format Version 12.00
# Visual Studio Version 16
VisualStudioVersion = 16.0.30523.141
MinimumVisualStudioVersion = 10.0.40219.1
Project("{FAE04EC0-301F-11D3-BF4B-00C04F79EFBC}") = "BaiThucHanhBuoi1", "BaiThucHanhBuoi1\BaiThucHanhBuoi1.csproj", "{4DB43B70-32B6-4573-A050-DA40C3F20A54}"
EndProject
Project("{FAE04EC0-301F-11D3-BF4B-00C04F79EFBC}") = "Bai2", "Bai2\Bai2.csproj", "{2CB0103A-9F5E-43E6-904A-31836A39F196}"
EndProject
Project("{FAE04EC0-301F-11D3-BF4B-00C04F79EFBC}") = "BaiTapThietKeForm", "BaiTapThietKeForm\BaiTapThietKeForm.csproj", "{F824B621-BEEF-431D-A4A3-FD75221C6EFA}"
EndProject
Global
	GlobalSection(SolutionConfigurationPlatforms) = preSolution
		Debug|Any CPU = Debug|Any CPU
		Release|Any CPU = Release|Any CPU
	EndGlobalSection
	GlobalSection(ProjectConfigurationPlatforms) = postSolution
		{4DB43B70-32B6-4573-A050-DA40C3F20A54}.Debug|Any CPU.ActiveCfg = Debug|Any CPU
		{4DB43B70-32B6-4573-A050-DA40C3F20A54}.Debug|Any CPU.Build.0 = Debug|Any CPU
		{4DB43B70-32B6-4573-A050-DA40C3F20A54}.Release|Any CPU.ActiveCfg = Release|Any CPU
		{4DB43B70-32B6-4573-A050-DA40C3F20A54}.Release|Any CPU.Build.0 = Release|Any CPU
		{2CB0103A-9F5E-43E6-904A-31836A39F196}.Debug|Any CPU.ActiveCfg = Debug|Any CPU
		{2CB0103A-9F5E-43E6-904A-31836A39F196}.Debug|Any CPU.Build.0 = Debug|Any CPU
		{2CB0103A-9F5E-43E6-904A-31836A39F196}.Release|Any CPU.ActiveCfg = Release|Any CPU
		{2CB0103A-9F5E-43E6-904A-31836A39F196}.Release|Any CPU.Build.0 = Release|Any CPU
		{F824B621-BEEF-431D-A4A3-FD75221C6EFA}.Debug|Any CPU.ActiveCfg = Debug|Any CPU
		{F824B621-BEEF-431D-A4A3-FD75221C6EFA}.Debug|Any CPU.Build.0 = Debug|Any CPU
		{F824B621-BEEF-431D-A4A3-FD75221C6EFA}.Release|Any CPU.ActiveCfg = Release|Any CPU
		{F824B621-BEEF-431D-A4A3-FD75221C6EFA}.Release|Any CPU.Build.0 = Release|Any CPU
	EndGlobalSection
	GlobalSection(SolutionProperties) = preSolution
		HideSolutionNode = FALSE
	EndGlobalSection
	GlobalSection(ExtensibilityGlobals) = postSolution
		SolutionGuid = {506F7C07-DF60-433D-B921-F6A6B465BEC2}
	EndGlobalSection
EndGlobal
